
Microsoft Visual Studio Solution File, Format Version 12.00
# Visual Studio 15
VisualStudioVersion = 15.0.27004.2009
MinimumVisualStudioVersion = 10.0.40219.1
Project("{FAE04EC0-301F-11D3-BF4B-00C04F79EFBC}") = "Algorithms_Implementation", "hackerrank_Algorithms_Implementation\Algorithms_Implementation.csproj", "{2AFC0793-4A23-40F2-8509-C73456DFA62D}"
EndProject
Global
	GlobalSection(SolutionConfigurationPlatforms) = preSolution
		Debug|Any CPU = Debug|Any CPU
		Release|Any CPU = Release|Any CPU
	EndGlobalSection
	GlobalSection(ProjectConfigurationPlatforms) = postSolution
		{2AFC0793-4A23-40F2-8509-C73456DFA62D}.Debug|Any CPU.ActiveCfg = Debug|Any CPU
		{2AFC0793-4A23-40F2-8509-C73456DFA62D}.Debug|Any CPU.Build.0 = Debug|Any CPU
		{2AFC0793-4A23-40F2-8509-C73456DFA62D}.Release|Any CPU.ActiveCfg = Release|Any CPU
		{2AFC0793-4A23-40F2-8509-C73456DFA62D}.Release|Any CPU.Build.0 = Release|Any CPU
	EndGlobalSection
	GlobalSection(SolutionProperties) = preSolution
		HideSolutionNode = FALSE
	EndGlobalSection
	GlobalSection(ExtensibilityGlobals) = postSolution
		SolutionGuid = {20ECD5E1-0A67-4276-AE3C-A93E2C89649F}
	EndGlobalSection
EndGlobal
